{
  "name": "project-docgen",
  "version": "2.0.0",
  "lockfileVersion": 3,
  "requires": true,
  "packages": {
    "": {
      "name": "project-docgen",
      "version": "2.0.0",
      "license": "ISC",
      "bin": {
        "docgen": "src/cli/index.js"
      },
      "engines": {
        "node": ">=18"
      }
    }
  }
}
